
Microsoft Visual Studio Solution File, Format Version 12.00
# Visual Studio Version 16
VisualStudioVersion = 16.0.30517.126
MinimumVisualStudioVersion = 10.0.40219.1
Project("{FAE04EC0-301F-11D3-BF4B-00C04F79EFBC}") = "Ojos de impresora", "Ojos de impresora.csproj", "{7FCA37AB-B037-444A-9DF7-4FB932DF5421}"
EndProject
Global
	GlobalSection(SolutionConfigurationPlatforms) = preSolution
		Debug|Any CPU = Debug|Any CPU
		Release|Any CPU = Release|Any CPU
	EndGlobalSection
	GlobalSection(ProjectConfigurationPlatforms) = postSolution
		{7FCA37AB-B037-444A-9DF7-4FB932DF5421}.Debug|Any CPU.ActiveCfg = Debug|Any CPU
		{7FCA37AB-B037-444A-9DF7-4FB932DF5421}.Debug|Any CPU.Build.0 = Debug|Any CPU
		{7FCA37AB-B037-444A-9DF7-4FB932DF5421}.Release|Any CPU.ActiveCfg = Release|Any CPU
		{7FCA37AB-B037-444A-9DF7-4FB932DF5421}.Release|Any CPU.Build.0 = Release|Any CPU
	EndGlobalSection
	GlobalSection(SolutionProperties) = preSolution
		HideSolutionNode = FALSE
	EndGlobalSection
	GlobalSection(ExtensibilityGlobals) = postSolution
		SolutionGuid = {BDDE1201-8B7E-4346-A151-FC35498E3BF0}
	EndGlobalSection
EndGlobal
